
Microsoft Visual Studio Solution File, Format Version 12.00
# Visual Studio Version 17
VisualStudioVersion = 17.3.32901.215
MinimumVisualStudioVersion = 10.0.40219.1
Project("{FAE04EC0-301F-11D3-BF4B-00C04F79EFBC}") = "Jokenpo", "Jokenpo.csproj", "{2BCC06E2-8EFC-4592-9D9C-B8F1ADFD1074}"
EndProject
Global
	GlobalSection(SolutionConfigurationPlatforms) = preSolution
		Debug|Any CPU = Debug|Any CPU
		Release|Any CPU = Release|Any CPU
	EndGlobalSection
	GlobalSection(ProjectConfigurationPlatforms) = postSolution
		{2BCC06E2-8EFC-4592-9D9C-B8F1ADFD1074}.Debug|Any CPU.ActiveCfg = Debug|Any CPU
		{2BCC06E2-8EFC-4592-9D9C-B8F1ADFD1074}.Debug|Any CPU.Build.0 = Debug|Any CPU
		{2BCC06E2-8EFC-4592-9D9C-B8F1ADFD1074}.Release|Any CPU.ActiveCfg = Release|Any CPU
		{2BCC06E2-8EFC-4592-9D9C-B8F1ADFD1074}.Release|Any CPU.Build.0 = Release|Any CPU
	EndGlobalSection
	GlobalSection(SolutionProperties) = preSolution
		HideSolutionNode = FALSE
	EndGlobalSection
	GlobalSection(ExtensibilityGlobals) = postSolution
		SolutionGuid = {785ADF2A-7648-4081-91E4-4C3CE2ABC221}
	EndGlobalSection
EndGlobal
